
Microsoft Visual Studio Solution File, Format Version 12.00
# Visual Studio 15
VisualStudioVersion = 15.0.26730.16
MinimumVisualStudioVersion = 10.0.40219.1
Project("{FAE04EC0-301F-11D3-BF4B-00C04F79EFBC}") = "SecurityUtil", "SecurityUtil\SecurityUtil.csproj", "{5168D07A-58B6-4A4C-9DBD-2FA1F5985DDC}"
EndProject
Project("{FAE04EC0-301F-11D3-BF4B-00C04F79EFBC}") = "WebPortal", "WebPortal\WebPortal.csproj", "{A1F1174D-CE3E-47D0-844E-82BAC8785A55}"
EndProject
Project("{2150E333-8FDC-42A3-9474-1A3956D46DE8}") = "01.Data", "01.Data", "{57F6F627-D2E7-458E-A285-615594367CE3}"
EndProject
Project("{FAE04EC0-301F-11D3-BF4B-00C04F79EFBC}") = "DataExchange", "DataExchange\DataExchange.csproj", "{89FD8A06-C5BE-484A-8E18-76B40422E4E9}"
EndProject
Project("{2150E333-8FDC-42A3-9474-1A3956D46DE8}") = "00.Common", "00.Common", "{B4A43300-E4D6-4B03-B9E3-148BEBC181FC}"
EndProject
Project("{FAE04EC0-301F-11D3-BF4B-00C04F79EFBC}") = "SharedResources", "SharedResources\SharedResources.csproj", "{5314A903-4CB1-4BA6-A5E5-96468714B718}"
EndProject
Project("{2150E333-8FDC-42A3-9474-1A3956D46DE8}") = "03.Presentation", "03.Presentation", "{C0E24DC7-1957-4934-9FD2-F72C1AA72940}"
EndProject
Project("{2150E333-8FDC-42A3-9474-1A3956D46DE8}") = "02.Business", "02.Business", "{3F1373E5-9CF5-41B5-B2AD-4DA5B7039FF4}"
EndProject
Project("{FAE04EC0-301F-11D3-BF4B-00C04F79EFBC}") = "SSD.Web.Api", "SSD.Web.Api\SSD.Web.Api.csproj", "{F507FEC6-12C1-4989-BD9C-6EF4F70CCE8D}"
EndProject
Project("{FAE04EC0-301F-11D3-BF4B-00C04F79EFBC}") = "WebApiTests", "WebApiTests\WebApiTests.csproj", "{6796E875-EE72-429A-95E2-3A2DD0A6BF08}"
EndProject
Global
	GlobalSection(SolutionConfigurationPlatforms) = preSolution
		Debug|Any CPU = Debug|Any CPU
		Release|Any CPU = Release|Any CPU
	EndGlobalSection
	GlobalSection(ProjectConfigurationPlatforms) = postSolution
		{5168D07A-58B6-4A4C-9DBD-2FA1F5985DDC}.Debug|Any CPU.ActiveCfg = Debug|Any CPU
		{5168D07A-58B6-4A4C-9DBD-2FA1F5985DDC}.Debug|Any CPU.Build.0 = Debug|Any CPU
		{5168D07A-58B6-4A4C-9DBD-2FA1F5985DDC}.Release|Any CPU.ActiveCfg = Release|Any CPU
		{5168D07A-58B6-4A4C-9DBD-2FA1F5985DDC}.Release|Any CPU.Build.0 = Release|Any CPU
		{A1F1174D-CE3E-47D0-844E-82BAC8785A55}.Debug|Any CPU.ActiveCfg = Debug|Any CPU
		{A1F1174D-CE3E-47D0-844E-82BAC8785A55}.Debug|Any CPU.Build.0 = Debug|Any CPU
		{A1F1174D-CE3E-47D0-844E-82BAC8785A55}.Release|Any CPU.ActiveCfg = Release|Any CPU
		{A1F1174D-CE3E-47D0-844E-82BAC8785A55}.Release|Any CPU.Build.0 = Release|Any CPU
		{89FD8A06-C5BE-484A-8E18-76B40422E4E9}.Debug|Any CPU.ActiveCfg = Debug|Any CPU
		{89FD8A06-C5BE-484A-8E18-76B40422E4E9}.Debug|Any CPU.Build.0 = Debug|Any CPU
		{89FD8A06-C5BE-484A-8E18-76B40422E4E9}.Release|Any CPU.ActiveCfg = Release|Any CPU
		{89FD8A06-C5BE-484A-8E18-76B40422E4E9}.Release|Any CPU.Build.0 = Release|Any CPU
		{5314A903-4CB1-4BA6-A5E5-96468714B718}.Debug|Any CPU.ActiveCfg = Debug|Any CPU
		{5314A903-4CB1-4BA6-A5E5-96468714B718}.Debug|Any CPU.Build.0 = Debug|Any CPU
		{5314A903-4CB1-4BA6-A5E5-96468714B718}.Release|Any CPU.ActiveCfg = Release|Any CPU
		{5314A903-4CB1-4BA6-A5E5-96468714B718}.Release|Any CPU.Build.0 = Release|Any CPU
		{F507FEC6-12C1-4989-BD9C-6EF4F70CCE8D}.Debug|Any CPU.ActiveCfg = Debug|Any CPU
		{F507FEC6-12C1-4989-BD9C-6EF4F70CCE8D}.Debug|Any CPU.Build.0 = Debug|Any CPU
		{F507FEC6-12C1-4989-BD9C-6EF4F70CCE8D}.Release|Any CPU.ActiveCfg = Release|Any CPU
		{F507FEC6-12C1-4989-BD9C-6EF4F70CCE8D}.Release|Any CPU.Build.0 = Release|Any CPU
		{6796E875-EE72-429A-95E2-3A2DD0A6BF08}.Debug|Any CPU.ActiveCfg = Debug|Any CPU
		{6796E875-EE72-429A-95E2-3A2DD0A6BF08}.Debug|Any CPU.Build.0 = Debug|Any CPU
		{6796E875-EE72-429A-95E2-3A2DD0A6BF08}.Release|Any CPU.ActiveCfg = Release|Any CPU
		{6796E875-EE72-429A-95E2-3A2DD0A6BF08}.Release|Any CPU.Build.0 = Release|Any CPU
	EndGlobalSection
	GlobalSection(SolutionProperties) = preSolution
		HideSolutionNode = FALSE
	EndGlobalSection
	GlobalSection(NestedProjects) = preSolution
		{5168D07A-58B6-4A4C-9DBD-2FA1F5985DDC} = {B4A43300-E4D6-4B03-B9E3-148BEBC181FC}
		{A1F1174D-CE3E-47D0-844E-82BAC8785A55} = {C0E24DC7-1957-4934-9FD2-F72C1AA72940}
		{89FD8A06-C5BE-484A-8E18-76B40422E4E9} = {57F6F627-D2E7-458E-A285-615594367CE3}
		{5314A903-4CB1-4BA6-A5E5-96468714B718} = {B4A43300-E4D6-4B03-B9E3-148BEBC181FC}
		{F507FEC6-12C1-4989-BD9C-6EF4F70CCE8D} = {3F1373E5-9CF5-41B5-B2AD-4DA5B7039FF4}
		{6796E875-EE72-429A-95E2-3A2DD0A6BF08} = {3F1373E5-9CF5-41B5-B2AD-4DA5B7039FF4}
	EndGlobalSection
	GlobalSection(ExtensibilityGlobals) = postSolution
		SolutionGuid = {9B639FC9-D08E-4AFF-AB52-62AACED049D3}
	EndGlobalSection
EndGlobal
